// !$*UTF8*$!
{
	archiveVersion = 1;
	classes = {
	};
	objectVersion = 50;
	objects = {

/* Begin PBXBuildFile section */
		7129E3E423D3F7FF00E5A54F /* MainViewController.xib in Resources */ = {isa = PBXBuildFile; fileRef = 7129E3E323D3F7FF00E5A54F /* MainViewController.xib */; };
		7129E3E623D3F91C00E5A54F /* MainViewController.swift in Sources */ = {isa = PBXBuildFile; fileRef = 7129E3E523D3F91C00E5A54F /* MainViewController.swift */; };
		7129E3E823D40C2100E5A54F /* UIDefinitions.swift in Sources */ = {isa = PBXBuildFile; fileRef = 7129E3E723D40C2100E5A54F /* UIDefinitions.swift */; };
		714F610923CBF21E0078EF88 /* AppDelegate.swift in Sources */ = {isa = PBXBuildFile; fileRef = 714F610823CBF21E0078EF88 /* AppDelegate.swift */; };
		714F611123CBF21E0078EF88 /* Switcher.xcdatamodeld in Sources */ = {isa = PBXBuildFile; fileRef = 714F610F23CBF21E0078EF88 /* Switcher.xcdatamodeld */; };
		714F611323CBF2200078EF88 /* Assets.xcassets in Resources */ = {isa = PBXBuildFile; fileRef = 714F611223CBF2200078EF88 /* Assets.xcassets */; };
		714F611623CBF2200078EF88 /* LaunchScreen.storyboard in Resources */ = {isa = PBXBuildFile; fileRef = 714F611423CBF2200078EF88 /* LaunchScreen.storyboard */; };
/* End PBXBuildFile section */

/* Begin PBXFileReference section */
		7129E3E323D3F7FF00E5A54F /* MainViewController.xib */ = {isa = PBXFileReference; lastKnownFileType = file.xib; path = MainViewController.xib; sourceTree = "<group>"; };
		7129E3E523D3F91C00E5A54F /* MainViewController.swift */ = {isa = PBXFileReference; lastKnownFileType = sourcecode.swift; path = MainViewController.swift; sourceTree = "<group>"; };
		7129E3E723D40C2100E5A54F /* UIDefinitions.swift */ = {isa = PBXFileReference; lastKnownFileType = sourcecode.swift; path = UIDefinitions.swift; sourceTree = "<group>"; };
		714F610523CBF21E0078EF88 /* Switcher.app */ = {isa = PBXFileReference; explicitFileType = wrapper.application; includeInIndex = 0; path = Switcher.app; sourceTree = BUILT_PRODUCTS_DIR; };
		714F610823CBF21E0078EF88 /* AppDelegate.swift */ = {isa = PBXFileReference; lastKnownFileType = sourcecode.swift; path = AppDelegate.swift; sourceTree = "<group>"; };
		714F611023CBF21E0078EF88 /* Switcher.xcdatamodel */ = {isa = PBXFileReference; lastKnownFileType = wrapper.xcdatamodel; path = Switcher.xcdatamodel; sourceTree = "<group>"; };
		714F611223CBF2200078EF88 /* Assets.xcassets */ = {isa = PBXFileReference; lastKnownFileType = folder.assetcatalog; path = Assets.xcassets; sourceTree = "<group>"; };
		714F611523CBF2200078EF88 /* Base */ = {isa = PBXFileReference; lastKnownFileType = file.storyboard; name = Base; path = Base.lproj/LaunchScreen.storyboard; sourceTree = "<group>"; };
		714F611723CBF2200078EF88 /* Info.plist */ = {isa = PBXFileReference; lastKnownFileType = text.plist.xml; path = Info.plist; sourceTree = "<group>"; };
/* End PBXFileReference section */

/* Begin PBXFrameworksBuildPhase section */
		714F610223CBF21E0078EF88 /* Frameworks */ = {
			isa = PBXFrameworksBuildPhase;
			buildActionMask = 2147483647;
			files = (
			);
			runOnlyForDeploymentPostprocessing = 0;
		};
/* End PBXFrameworksBuildPhase section */

/* Begin PBXGroup section */
		714F60FC23CBF21D0078EF88 = {
			isa = PBXGroup;
			children = (
				714F610723CBF21E0078EF88 /* Switcher */,
				714F610623CBF21E0078EF88 /* Products */,
			);
			sourceTree = "<group>";
		};
		714F610623CBF21E0078EF88 /* Products */ = {
			isa = PBXGroup;
			children = (
				714F610523CBF21E0078EF88 /* Switcher.app */,
			);
			name = Products;
			sourceTree = "<group>";
		};
		714F610723CBF21E0078EF88 /* Switcher */ = {
			isa = PBXGroup;
			children = (
				714F610823CBF21E0078EF88 /* AppDelegate.swift */,
				7129E3E323D3F7FF00E5A54F /* MainViewController.xib */,
				7129E3E523D3F91C00E5A54F /* MainViewController.swift */,
				7129E3E723D40C2100E5A54F /* UIDefinitions.swift */,
				714F611223CBF2200078EF88 /* Assets.xcassets */,
				714F611423CBF2200078EF88 /* LaunchScreen.storyboard */,
				714F611723CBF2200078EF88 /* Info.plist */,
				714F610F23CBF21E0078EF88 /* Switcher.xcdatamodeld */,
			);
			path = Switcher;
			sourceTree = "<group>";
		};
/* End PBXGroup section */

/* Begin PBXNativeTarget section */
		714F610423CBF21E0078EF88 /* Switcher */ = {
			isa = PBXNativeTarget;
			buildConfigurationList = 714F611A23CBF2200078EF88 /* Build configuration list for PBXNativeTarget "Switcher" */;
			buildPhases = (
				714F610123CBF21E0078EF88 /* Sources */,
				714F610223CBF21E0078EF88 /* Frameworks */,
				714F610323CBF21E0078EF88 /* Resources */,
			);
			buildRules = (
			);
			dependencies = (
			);
			name = Switcher;
			productName = Switcher;
			productReference = 714F610523CBF21E0078EF88 /* Switcher.app */;
			productType = "com.apple.product-type.application";
		};
/* End PBXNativeTarget section */

/* Begin PBXProject section */
		714F60FD23CBF21D0078EF88 /* Project object */ = {
			isa = PBXProject;
			attributes = {
				LastSwiftUpdateCheck = 1000;
				LastUpgradeCheck = 1000;
				ORGANIZATIONNAME = MLDStudios;
				TargetAttributes = {
					714F610423CBF21E0078EF88 = {
						CreatedOnToolsVersion = 10.0;
					};
				};
			};
			buildConfigurationList = 714F610023CBF21D0078EF88 /* Build configuration list for PBXProject "Switcher" */;
			compatibilityVersion = "Xcode 9.3";
			developmentRegion = en;
			hasScannedForEncodings = 0;
			knownRegions = (
				en,
				Base,
			);
			mainGroup = 714F60FC23CBF21D0078EF88;
			productRefGroup = 714F610623CBF21E0078EF88 /* Products */;
			projectDirPath = "";
			projectRoot = "";
			targets = (
				714F610423CBF21E0078EF88 /* Switcher */,
			);
		};
/* End PBXProject section */

/* Begin PBXResourcesBuildPhase section */
		714F610323CBF21E0078EF88 /* Resources */ = {
			isa = PBXResourcesBuildPhase;
			buildActionMask = 2147483647;
			files = (
				714F611623CBF2200078EF88 /* LaunchScreen.storyboard in Resources */,
				714F611323CBF2200078EF88 /* Assets.xcassets in Resources */,
				7129E3E423D3F7FF00E5A54F /* MainViewController.xib in Resources */,
			);
			runOnlyForDeploymentPostprocessing = 0;
		};
/* End PBXResourcesBuildPhase section */

/* Begin PBXSourcesBuildPhase section */
		714F610123CBF21E0078EF88 /* Sources */ = {
			isa = PBXSourcesBuildPhase;
			buildActionMask = 2147483647;
			files = (
				714F611123CBF21E0078EF88 /* Switcher.xcdatamodeld in Sources */,
				7129E3E823D40C2100E5A54F /* UIDefinitions.swift in Sources */,
				714F610923CBF21E0078EF88 /* AppDelegate.swift in Sources */,
				7129E3E623D3F91C00E5A54F /* MainViewController.swift in Sources */,
			);
			runOnlyForDeploymentPostprocessing = 0;
		};
/* End PBXSourcesBuildPhase section */

/* Begin PBXVariantGroup section */
		714F611423CBF2200078EF88 /* LaunchScreen.storyboard */ = {
			isa = PBXVariantGroup;
			children = (
				714F611523CBF2200078EF88 /* Base */,
			);
			name = LaunchScreen.storyboard;
			sourceTree = "<group>";
		};
/* End PBXVariantGroup section */

/* Begin XCBuildConfiguration section */
		714F611823CBF2200078EF88 /* Debug */ = {
			isa = XCBuildConfiguration;
			buildSettings = {
				ALWAYS_SEARCH_USER_PATHS = NO;
				CLANG_ANALYZER_NONNULL = YES;
				CLANG_ANALYZER_NUMBER_OBJECT_CONVERSION = YES_AGGRESSIVE;
				CLANG_CXX_LANGUAGE_STANDARD = "gnu++14";
				CLANG_CXX_LIBRARY = "libc++";
				CLANG_ENABLE_MODULES = YES;
				CLANG_ENABLE_OBJC_ARC = YES;
				CLANG_ENABLE_OBJC_WEAK = YES;
				CLANG_WARN_BLOCK_CAPTURE_AUTORELEASING = YES;
				CLANG_WARN_BOOL_CONVERSION = YES;
				CLANG_WARN_COMMA = YES;
				CLANG_WARN_CONSTANT_CONVERSION = YES;
				CLANG_WARN_DEPRECATED_OBJC_IMPLEMENTATIONS = YES;
				CLANG_WARN_DIRECT_OBJC_ISA_USAGE = YES_ERROR;
				CLANG_WARN_DOCUMENTATION_COMMENTS = YES;
				CLANG_WARN_EMPTY_BODY = YES;
				CLANG_WARN_ENUM_CONVERSION = YES;
				CLANG_WARN_INFINITE_RECURSION = YES;
				CLANG_WARN_INT_CONVERSION = YES;
				CLANG_WARN_NON_LITERAL_NULL_CONVERSION = YES;
				CLANG_WARN_OBJC_IMPLICIT_RETAIN_SELF = YES;
				CLANG_WARN_OBJC_LITERAL_CONVERSION = YES;
				CLANG_WARN_OBJC_ROOT_CLASS = YES_ERROR;
				CLANG_WARN_RANGE_LOOP_ANALYSIS = YES;
				CLANG_WARN_STRICT_PROTOTYPES = YES;
				CLANG_WARN_SUSPICIOUS_MOVE = YES;
				CLANG_WARN_UNGUARDED_AVAILABILITY = YES_AGGRESSIVE;
				CLANG_WARN_UNREACHABLE_CODE = YES;
				CLANG_WARN__DUPLICATE_METHOD_MATCH = YES;
				CODE_SIGN_IDENTITY = "iPhone Developer";
				COPY_PHASE_STRIP = NO;
				DEBUG_INFORMATION_FORMAT = dwarf;
				ENABLE_STRICT_OBJC_MSGSEND = YES;
				ENABLE_TESTABILITY = YES;
				GCC_C_LANGUAGE_STANDARD = gnu11;
				GCC_DYNAMIC_NO_PIC = NO;
				GCC_NO_COMMON_BLOCKS = YES;
				GCC_OPTIMIZATION_LEVEL = 0;
				GCC_PREPROCESSOR_DEFINITIONS = (
					"DEBUG=1",
					"$(inherited)",
				);
				GCC_WARN_64_TO_32_BIT_CONVERSION = YES;
				GCC_WARN_ABOUT_RETURN_TYPE = YES_ERROR;
				GCC_WARN_UNDECLARED_SELECTOR = YES;
				GCC_WARN_UNINITIALIZED_AUTOS = YES_AGGRESSIVE;
				GCC_WARN_UNUSED_FUNCTION = YES;
				GCC_WARN_UNUSED_VARIABLE = YES;
				IPHONEOS_DEPLOYMENT_TARGET = 12.0;
				MTL_ENABLE_DEBUG_INFO = INCLUDE_SOURCE;
				MTL_FAST_MATH = YES;
				ONLY_ACTIVE_ARCH = YES;
				SDKROOT = iphoneos;
				SWIFT_ACTIVE_COMPILATION_CONDITIONS = DEBUG;
				SWIFT_OPTIMIZATION_LEVEL = "-Onone";
			};
			name = Debug;
		};
		714F611923CBF2200078EF88 /* Release */ = {
			isa = XCBuildConfiguration;
			buildSettings = {
				ALWAYS_SEARCH_USER_PATHS = NO;
				CLANG_ANALYZER_NONNULL = YES;
				CLANG_ANALYZER_NUMBER_OBJECT_CONVERSION = YES_AGGRESSIVE;
				CLANG_CXX_LANGUAGE_STANDARD = "gnu++14";
				CLANG_CXX_LIBRARY = "libc++";
				CLANG_ENABLE_MODULES = YES;
				CLANG_ENABLE_OBJC_ARC = YES;
				CLANG_ENABLE_OBJC_WEAK = YES;
				CLANG_WARN_BLOCK_CAPTURE_AUTORELEASING = YES;
				CLANG_WARN_BOOL_CONVERSION = YES;
				CLANG_WARN_COMMA = YES;
				CLANG_WARN_CONSTANT_CONVERSION = YES;
				CLANG_WARN_DEPRECATED_OBJC_IMPLEMENTATIONS = YES;
				CLANG_WARN_DIRECT_OBJC_ISA_USAGE = YES_ERROR;
				CLANG_WARN_DOCUMENTATION_COMMENTS = YES;
				CLANG_WARN_EMPTY_BODY = YES;
				CLANG_WARN_ENUM_CONVERSION = YES;
				CLANG_WARN_INFINITE_RECURSION = YES;
				CLANG_WARN_INT_CONVERSION = YES;
				CLANG_WARN_NON_LITERAL_NULL_CONVERSION = YES;
				CLANG_WARN_OBJC_IMPLICIT_RETAIN_SELF = YES;
				CLANG_WARN_OBJC_LITERAL_CONVERSION = YES;
				CLANG_WARN_OBJC_ROOT_CLASS = YES_ERROR;
				CLANG_WARN_RANGE_LOOP_ANALYSIS = YES;
				CLANG_WARN_STRICT_PROTOTYPES = YES;
				CLANG_WARN_SUSPICIOUS_MOVE = YES;
				CLANG_WARN_UNGUARDED_AVAILABILITY = YES_AGGRESSIVE;
				CLANG_WARN_UNREACHABLE_CODE = YES;
				CLANG_WARN__DUPLICATE_METHOD_MATCH = YES;
				CODE_SIGN_IDENTITY = "iPhone Developer";
				COPY_PHASE_STRIP = NO;
				DEBUG_INFORMATION_FORMAT = "dwarf-with-dsym";
				ENABLE_NS_ASSERTIONS = NO;
				ENABLE_STRICT_OBJC_MSGSEND = YES;
				GCC_C_LANGUAGE_STANDARD = gnu11;
				GCC_NO_COMMON_BLOCKS = YES;
				GCC_WARN_64_TO_32_BIT_CONVERSION = YES;
				GCC_WARN_ABOUT_RETURN_TYPE = YES_ERROR;
				GCC_WARN_UNDECLARED_SELECTOR = YES;
				GCC_WARN_UNINITIALIZED_AUTOS = YES_AGGRESSIVE;
				GCC_WARN_UNUSED_FUNCTION = YES;
				GCC_WARN_UNUSED_VARIABLE = YES;
				IPHONEOS_DEPLOYMENT_TARGET = 12.0;
				MTL_ENABLE_DEBUG_INFO = NO;
				MTL_FAST_MATH = YES;
				SDKROOT = iphoneos;
				SWIFT_COMPILATION_MODE = wholemodule;
				SWIFT_OPTIMIZATION_LEVEL = "-O";
				VALIDATE_PRODUCT = YES;
			};
			name = Release;
		};
		714F611B23CBF2200078EF88 /* Debug */ = {
			isa = XCBuildConfiguration;
			buildSettings = {
				ASSETCATALOG_COMPILER_APPICON_NAME = AppIcon;
				CODE_SIGN_STYLE = Automatic;
				INFOPLIST_FILE = Switcher/Info.plist;
				IPHONEOS_DEPLOYMENT_TARGET = 12.0;
				LD_RUNPATH_SEARCH_PATHS = (
					"$(inherited)",
					"@executable_path/Frameworks",
				);
				PRODUCT_BUNDLE_IDENTIFIER = mld.Switcher;
				PRODUCT_NAME = "$(TARGET_NAME)";
				SWIFT_VERSION = 4.2;
				TARGETED_DEVICE_FAMILY = "1,2";
			};
			name = Debug;
		};
		714F611C23CBF2200078EF88 /* Release */ = {
			isa = XCBuildConfiguration;
			buildSettings = {
				ASSETCATALOG_COMPILER_APPICON_NAME = AppIcon;
				CODE_SIGN_STYLE = Automatic;
				INFOPLIST_FILE = Switcher/Info.plist;
				IPHONEOS_DEPLOYMENT_TARGET = 12.0;
				LD_RUNPATH_SEARCH_PATHS = (
					"$(inherited)",
					"@executable_path/Frameworks",
				);
				PRODUCT_BUNDLE_IDENTIFIER = mld.Switcher;
				PRODUCT_NAME = "$(TARGET_NAME)";
				SWIFT_VERSION = 4.2;
				TARGETED_DEVICE_FAMILY = "1,2";
			};
			name = Release;
		};
/* End XCBuildConfiguration section */

/* Begin XCConfigurationList section */
		714F610023CBF21D0078EF88 /* Build configuration list for PBXProject "Switcher" */ = {
			isa = XCConfigurationList;
			buildConfigurations = (
				714F611823CBF2200078EF88 /* Debug */,
				714F611923CBF2200078EF88 /* Release */,
			);
			defaultConfigurationIsVisible = 0;
			defaultConfigurationName = Release;
		};
		714F611A23CBF2200078EF88 /* Build configuration list for PBXNativeTarget "Switcher" */ = {
			isa = XCConfigurationList;
			buildConfigurations = (
				714F611B23CBF2200078EF88 /* Debug */,
				714F611C23CBF2200078EF88 /* Release */,
			);
			defaultConfigurationIsVisible = 0;
			defaultConfigurationName = Release;
		};
/* End XCConfigurationList section */

/* Begin XCVersionGroup section */
		714F610F23CBF21E0078EF88 /* Switcher.xcdatamodeld */ = {
			isa = XCVersionGroup;
			children = (
				714F611023CBF21E0078EF88 /* Switcher.xcdatamodel */,
			);
			currentVersion = 714F611023CBF21E0078EF88 /* Switcher.xcdatamodel */;
			path = Switcher.xcdatamodeld;
			sourceTree = "<group>";
			versionGroupType = wrapper.xcdatamodel;
		};
/* End XCVersionGroup section */
	};
	rootObject = 714F60FD23CBF21D0078EF88 /* Project object */;
}
